// !$*UTF8*$!
{
	archiveVersion = 1;
	classes = {
	};
	objectVersion = 55;
	objects = {

/* Begin PBXBuildFile section */
		21334B0828DC40BE000184A7 /* AppDelegate.swift in Sources */ = {isa = PBXBuildFile; fileRef = 21334B0728DC40BE000184A7 /* AppDelegate.swift */; };
		21334B0A28DC40BE000184A7 /* SceneDelegate.swift in Sources */ = {isa = PBXBuildFile; fileRef = 21334B0928DC40BE000184A7 /* SceneDelegate.swift */; };
		21334B0C28DC40BE000184A7 /* WelcomeViewController.swift in Sources */ = {isa = PBXBuildFile; fileRef = 21334B0B28DC40BE000184A7 /* WelcomeViewController.swift */; };
		21334B0F28DC40BE000184A7 /* Main.storyboard in Resources */ = {isa = PBXBuildFile; fileRef = 21334B0D28DC40BE000184A7 /* Main.storyboard */; };
		21334B1128DC40BF000184A7 /* Assets.xcassets in Resources */ = {isa = PBXBuildFile; fileRef = 21334B1028DC40BF000184A7 /* Assets.xcassets */; };
		21334B1428DC40BF000184A7 /* LaunchScreen.storyboard in Resources */ = {isa = PBXBuildFile; fileRef = 21334B1228DC40BF000184A7 /* LaunchScreen.storyboard */; };
		21334B1C28DC4443000184A7 /* ServicesViewController.swift in Sources */ = {isa = PBXBuildFile; fileRef = 21334B1B28DC4443000184A7 /* ServicesViewController.swift */; };
		21E2D04A28DC9A2A001F0D71 /* WelcomeViewModel.swift in Sources */ = {isa = PBXBuildFile; fileRef = 21E2D04928DC9A2A001F0D71 /* WelcomeViewModel.swift */; };
		21E2D07428DC9F74001F0D71 /* APIManager.swift in Sources */ = {isa = PBXBuildFile; fileRef = 21E2D07328DC9F74001F0D71 /* APIManager.swift */; };
		21E2D07928DCA032001F0D71 /* Currency.swift in Sources */ = {isa = PBXBuildFile; fileRef = 21E2D07828DCA032001F0D71 /* Currency.swift */; };
		21E2D07B28DCD893001F0D71 /* Service.swift in Sources */ = {isa = PBXBuildFile; fileRef = 21E2D07A28DCD893001F0D71 /* Service.swift */; };
		21E2D07D28DCDC0F001F0D71 /* ServiceViewModel.swift in Sources */ = {isa = PBXBuildFile; fileRef = 21E2D07C28DCDC0F001F0D71 /* ServiceViewModel.swift */; };
		21E2D08528DCDE2B001F0D71 /* ServiceCell.swift in Sources */ = {isa = PBXBuildFile; fileRef = 21E2D08328DCDE2B001F0D71 /* ServiceCell.swift */; };
		21E2D08628DCDE2B001F0D71 /* ServiceCell.xib in Resources */ = {isa = PBXBuildFile; fileRef = 21E2D08428DCDE2B001F0D71 /* ServiceCell.xib */; };
		896FD29DAA4BF446178E3BB5 /* Pods_gowabi_test.framework in Frameworks */ = {isa = PBXBuildFile; fileRef = 0DC3E64B7FE90E0278391C3A /* Pods_gowabi_test.framework */; };
/* End PBXBuildFile section */

/* Begin PBXFileReference section */
		0DC3E64B7FE90E0278391C3A /* Pods_gowabi_test.framework */ = {isa = PBXFileReference; explicitFileType = wrapper.framework; includeInIndex = 0; path = Pods_gowabi_test.framework; sourceTree = BUILT_PRODUCTS_DIR; };
		21334B0428DC40BE000184A7 /* gowabi_test.app */ = {isa = PBXFileReference; explicitFileType = wrapper.application; includeInIndex = 0; path = gowabi_test.app; sourceTree = BUILT_PRODUCTS_DIR; };
		21334B0728DC40BE000184A7 /* AppDelegate.swift */ = {isa = PBXFileReference; lastKnownFileType = sourcecode.swift; path = AppDelegate.swift; sourceTree = "<group>"; };
		21334B0928DC40BE000184A7 /* SceneDelegate.swift */ = {isa = PBXFileReference; lastKnownFileType = sourcecode.swift; path = SceneDelegate.swift; sourceTree = "<group>"; };
		21334B0B28DC40BE000184A7 /* WelcomeViewController.swift */ = {isa = PBXFileReference; lastKnownFileType = sourcecode.swift; path = WelcomeViewController.swift; sourceTree = "<group>"; };
		21334B0E28DC40BE000184A7 /* Base */ = {isa = PBXFileReference; lastKnownFileType = file.storyboard; name = Base; path = Base.lproj/Main.storyboard; sourceTree = "<group>"; };
		21334B1028DC40BF000184A7 /* Assets.xcassets */ = {isa = PBXFileReference; lastKnownFileType = folder.assetcatalog; path = Assets.xcassets; sourceTree = "<group>"; };
		21334B1328DC40BF000184A7 /* Base */ = {isa = PBXFileReference; lastKnownFileType = file.storyboard; name = Base; path = Base.lproj/LaunchScreen.storyboard; sourceTree = "<group>"; };
		21334B1528DC40BF000184A7 /* Info.plist */ = {isa = PBXFileReference; lastKnownFileType = text.plist.xml; path = Info.plist; sourceTree = "<group>"; };
		21334B1B28DC4443000184A7 /* ServicesViewController.swift */ = {isa = PBXFileReference; lastKnownFileType = sourcecode.swift; path = ServicesViewController.swift; sourceTree = "<group>"; };
		21E2D04928DC9A2A001F0D71 /* WelcomeViewModel.swift */ = {isa = PBXFileReference; lastKnownFileType = sourcecode.swift; path = WelcomeViewModel.swift; sourceTree = "<group>"; };
		21E2D07328DC9F74001F0D71 /* APIManager.swift */ = {isa = PBXFileReference; lastKnownFileType = sourcecode.swift; path = APIManager.swift; sourceTree = "<group>"; };
		21E2D07828DCA032001F0D71 /* Currency.swift */ = {isa = PBXFileReference; lastKnownFileType = sourcecode.swift; path = Currency.swift; sourceTree = "<group>"; };
		21E2D07A28DCD893001F0D71 /* Service.swift */ = {isa = PBXFileReference; lastKnownFileType = sourcecode.swift; path = Service.swift; sourceTree = "<group>"; };
		21E2D07C28DCDC0F001F0D71 /* ServiceViewModel.swift */ = {isa = PBXFileReference; lastKnownFileType = sourcecode.swift; path = ServiceViewModel.swift; sourceTree = "<group>"; };
		21E2D08328DCDE2B001F0D71 /* ServiceCell.swift */ = {isa = PBXFileReference; fileEncoding = 4; lastKnownFileType = sourcecode.swift; path = ServiceCell.swift; sourceTree = "<group>"; };
		21E2D08428DCDE2B001F0D71 /* ServiceCell.xib */ = {isa = PBXFileReference; fileEncoding = 4; lastKnownFileType = file.xib; path = ServiceCell.xib; sourceTree = "<group>"; };
		442D984E8373D715A205DA4D /* Pods-gowabi_test.debug.xcconfig */ = {isa = PBXFileReference; includeInIndex = 1; lastKnownFileType = text.xcconfig; name = "Pods-gowabi_test.debug.xcconfig"; path = "Target Support Files/Pods-gowabi_test/Pods-gowabi_test.debug.xcconfig"; sourceTree = "<group>"; };
		B1E6F246954176F2E2967A01 /* Pods-gowabi_test.release.xcconfig */ = {isa = PBXFileReference; includeInIndex = 1; lastKnownFileType = text.xcconfig; name = "Pods-gowabi_test.release.xcconfig"; path = "Target Support Files/Pods-gowabi_test/Pods-gowabi_test.release.xcconfig"; sourceTree = "<group>"; };
/* End PBXFileReference section */

/* Begin PBXFrameworksBuildPhase section */
		21334B0128DC40BE000184A7 /* Frameworks */ = {
			isa = PBXFrameworksBuildPhase;
			buildActionMask = 2147483647;
			files = (
				896FD29DAA4BF446178E3BB5 /* Pods_gowabi_test.framework in Frameworks */,
			);
			runOnlyForDeploymentPostprocessing = 0;
		};
/* End PBXFrameworksBuildPhase section */

/* Begin PBXGroup section */
		21057D4D28DCFDBF0026F3F4 /* Storyboard */ = {
			isa = PBXGroup;
			children = (
				21334B0D28DC40BE000184A7 /* Main.storyboard */,
			);
			path = Storyboard;
			sourceTree = "<group>";
		};
		21334AFB28DC40BE000184A7 = {
			isa = PBXGroup;
			children = (
				21334B0628DC40BE000184A7 /* gowabi_test */,
				21334B0528DC40BE000184A7 /* Products */,
				4CDA2E51647C505F7D9BF70D /* Pods */,
				8152AC800D5449F3C3454966 /* Frameworks */,
			);
			sourceTree = "<group>";
		};
		21334B0528DC40BE000184A7 /* Products */ = {
			isa = PBXGroup;
			children = (
				21334B0428DC40BE000184A7 /* gowabi_test.app */,
			);
			name = Products;
			sourceTree = "<group>";
		};
		21334B0628DC40BE000184A7 /* gowabi_test */ = {
			isa = PBXGroup;
			children = (
				21334B0728DC40BE000184A7 /* AppDelegate.swift */,
				21334B0928DC40BE000184A7 /* SceneDelegate.swift */,
				21E2D07728DC9FE2001F0D71 /* Network */,
				21E2D07528DC9FCF001F0D71 /* Welcome */,
				21E2D07628DC9FD9001F0D71 /* Services */,
				21057D4D28DCFDBF0026F3F4 /* Storyboard */,
				21334B1028DC40BF000184A7 /* Assets.xcassets */,
				21334B1228DC40BF000184A7 /* LaunchScreen.storyboard */,
				21334B1528DC40BF000184A7 /* Info.plist */,
			);
			path = gowabi_test;
			sourceTree = "<group>";
		};
		21E2D07528DC9FCF001F0D71 /* Welcome */ = {
			isa = PBXGroup;
			children = (
				21334B0B28DC40BE000184A7 /* WelcomeViewController.swift */,
				21E2D04928DC9A2A001F0D71 /* WelcomeViewModel.swift */,
				21E2D07828DCA032001F0D71 /* Currency.swift */,
			);
			path = Welcome;
			sourceTree = "<group>";
		};
		21E2D07628DC9FD9001F0D71 /* Services */ = {
			isa = PBXGroup;
			children = (
				21334B1B28DC4443000184A7 /* ServicesViewController.swift */,
				21E2D07C28DCDC0F001F0D71 /* ServiceViewModel.swift */,
				21E2D07A28DCD893001F0D71 /* Service.swift */,
				21E2D07E28DCDD70001F0D71 /* Cell */,
			);
			path = Services;
			sourceTree = "<group>";
		};
		21E2D07728DC9FE2001F0D71 /* Network */ = {
			isa = PBXGroup;
			children = (
				21E2D07328DC9F74001F0D71 /* APIManager.swift */,
			);
			path = Network;
			sourceTree = "<group>";
		};
		21E2D07E28DCDD70001F0D71 /* Cell */ = {
			isa = PBXGroup;
			children = (
				21E2D08328DCDE2B001F0D71 /* ServiceCell.swift */,
				21E2D08428DCDE2B001F0D71 /* ServiceCell.xib */,
			);
			path = Cell;
			sourceTree = "<group>";
		};
		4CDA2E51647C505F7D9BF70D /* Pods */ = {
			isa = PBXGroup;
			children = (
				442D984E8373D715A205DA4D /* Pods-gowabi_test.debug.xcconfig */,
				B1E6F246954176F2E2967A01 /* Pods-gowabi_test.release.xcconfig */,
			);
			path = Pods;
			sourceTree = "<group>";
		};
		8152AC800D5449F3C3454966 /* Frameworks */ = {
			isa = PBXGroup;
			children = (
				0DC3E64B7FE90E0278391C3A /* Pods_gowabi_test.framework */,
			);
			name = Frameworks;
			sourceTree = "<group>";
		};
/* End PBXGroup section */

/* Begin PBXNativeTarget section */
		21334B0328DC40BE000184A7 /* gowabi_test */ = {
			isa = PBXNativeTarget;
			buildConfigurationList = 21334B1828DC40BF000184A7 /* Build configuration list for PBXNativeTarget "gowabi_test" */;
			buildPhases = (
				C3302C3250959757985B0A66 /* [CP] Check Pods Manifest.lock */,
				21334B0028DC40BE000184A7 /* Sources */,
				21334B0128DC40BE000184A7 /* Frameworks */,
				21334B0228DC40BE000184A7 /* Resources */,
				D6506B52FD57B92D1B0CD0A4 /* [CP] Embed Pods Frameworks */,
			);
			buildRules = (
			);
			dependencies = (
			);
			name = gowabi_test;
			productName = gowabi_test;
			productReference = 21334B0428DC40BE000184A7 /* gowabi_test.app */;
			productType = "com.apple.product-type.application";
		};
/* End PBXNativeTarget section */

/* Begin PBXProject section */
		21334AFC28DC40BE000184A7 /* Project object */ = {
			isa = PBXProject;
			attributes = {
				BuildIndependentTargetsInParallel = 1;
				LastSwiftUpdateCheck = 1330;
				LastUpgradeCheck = 1330;
				TargetAttributes = {
					21334B0328DC40BE000184A7 = {
						CreatedOnToolsVersion = 13.3.1;
					};
				};
			};
			buildConfigurationList = 21334AFF28DC40BE000184A7 /* Build configuration list for PBXProject "gowabi_test" */;
			compatibilityVersion = "Xcode 13.0";
			developmentRegion = en;
			hasScannedForEncodings = 0;
			knownRegions = (
				en,
				Base,
			);
			mainGroup = 21334AFB28DC40BE000184A7;
			productRefGroup = 21334B0528DC40BE000184A7 /* Products */;
			projectDirPath = "";
			projectRoot = "";
			targets = (
				21334B0328DC40BE000184A7 /* gowabi_test */,
			);
		};
/* End PBXProject section */

/* Begin PBXResourcesBuildPhase section */
		21334B0228DC40BE000184A7 /* Resources */ = {
			isa = PBXResourcesBuildPhase;
			buildActionMask = 2147483647;
			files = (
				21334B1428DC40BF000184A7 /* LaunchScreen.storyboard in Resources */,
				21E2D08628DCDE2B001F0D71 /* ServiceCell.xib in Resources */,
				21334B1128DC40BF000184A7 /* Assets.xcassets in Resources */,
				21334B0F28DC40BE000184A7 /* Main.storyboard in Resources */,
			);
			runOnlyForDeploymentPostprocessing = 0;
		};
/* End PBXResourcesBuildPhase section */

/* Begin PBXShellScriptBuildPhase section */
		C3302C3250959757985B0A66 /* [CP] Check Pods Manifest.lock */ = {
			isa = PBXShellScriptBuildPhase;
			buildActionMask = 2147483647;
			files = (
			);
			inputFileListPaths = (
			);
			inputPaths = (
				"${PODS_PODFILE_DIR_PATH}/Podfile.lock",
				"${PODS_ROOT}/Manifest.lock",
			);
			name = "[CP] Check Pods Manifest.lock";
			outputFileListPaths = (
			);
			outputPaths = (
				"$(DERIVED_FILE_DIR)/Pods-gowabi_test-checkManifestLockResult.txt",
			);
			runOnlyForDeploymentPostprocessing = 0;
			shellPath = /bin/sh;
			shellScript = "diff \"${PODS_PODFILE_DIR_PATH}/Podfile.lock\" \"${PODS_ROOT}/Manifest.lock\" > /dev/null\nif [ $? != 0 ] ; then\n    # print error to STDERR\n    echo \"error: The sandbox is not in sync with the Podfile.lock. Run 'pod install' or update your CocoaPods installation.\" >&2\n    exit 1\nfi\n# This output is used by Xcode 'outputs' to avoid re-running this script phase.\necho \"SUCCESS\" > \"${SCRIPT_OUTPUT_FILE_0}\"\n";
			showEnvVarsInLog = 0;
		};
		D6506B52FD57B92D1B0CD0A4 /* [CP] Embed Pods Frameworks */ = {
			isa = PBXShellScriptBuildPhase;
			buildActionMask = 2147483647;
			files = (
			);
			inputFileListPaths = (
				"${PODS_ROOT}/Target Support Files/Pods-gowabi_test/Pods-gowabi_test-frameworks-${CONFIGURATION}-input-files.xcfilelist",
			);
			name = "[CP] Embed Pods Frameworks";
			outputFileListPaths = (
				"${PODS_ROOT}/Target Support Files/Pods-gowabi_test/Pods-gowabi_test-frameworks-${CONFIGURATION}-output-files.xcfilelist",
			);
			runOnlyForDeploymentPostprocessing = 0;
			shellPath = /bin/sh;
			shellScript = "\"${PODS_ROOT}/Target Support Files/Pods-gowabi_test/Pods-gowabi_test-frameworks.sh\"\n";
			showEnvVarsInLog = 0;
		};
/* End PBXShellScriptBuildPhase section */

/* Begin PBXSourcesBuildPhase section */
		21334B0028DC40BE000184A7 /* Sources */ = {
			isa = PBXSourcesBuildPhase;
			buildActionMask = 2147483647;
			files = (
				21334B0C28DC40BE000184A7 /* WelcomeViewController.swift in Sources */,
				21E2D04A28DC9A2A001F0D71 /* WelcomeViewModel.swift in Sources */,
				21334B0828DC40BE000184A7 /* AppDelegate.swift in Sources */,
				21E2D07D28DCDC0F001F0D71 /* ServiceViewModel.swift in Sources */,
				21E2D07928DCA032001F0D71 /* Currency.swift in Sources */,
				21E2D07B28DCD893001F0D71 /* Service.swift in Sources */,
				21334B1C28DC4443000184A7 /* ServicesViewController.swift in Sources */,
				21E2D08528DCDE2B001F0D71 /* ServiceCell.swift in Sources */,
				21334B0A28DC40BE000184A7 /* SceneDelegate.swift in Sources */,
				21E2D07428DC9F74001F0D71 /* APIManager.swift in Sources */,
			);
			runOnlyForDeploymentPostprocessing = 0;
		};
/* End PBXSourcesBuildPhase section */

/* Begin PBXVariantGroup section */
		21334B0D28DC40BE000184A7 /* Main.storyboard */ = {
			isa = PBXVariantGroup;
			children = (
				21334B0E28DC40BE000184A7 /* Base */,
			);
			name = Main.storyboard;
			sourceTree = "<group>";
		};
		21334B1228DC40BF000184A7 /* LaunchScreen.storyboard */ = {
			isa = PBXVariantGroup;
			children = (
				21334B1328DC40BF000184A7 /* Base */,
			);
			name = LaunchScreen.storyboard;
			sourceTree = "<group>";
		};
/* End PBXVariantGroup section */

/* Begin XCBuildConfiguration section */
		21334B1628DC40BF000184A7 /* Debug */ = {
			isa = XCBuildConfiguration;
			buildSettings = {
				ALWAYS_SEARCH_USER_PATHS = NO;
				CLANG_ANALYZER_NONNULL = YES;
				CLANG_ANALYZER_NUMBER_OBJECT_CONVERSION = YES_AGGRESSIVE;
				CLANG_CXX_LANGUAGE_STANDARD = "gnu++17";
				CLANG_ENABLE_MODULES = YES;
				CLANG_ENABLE_OBJC_ARC = YES;
				CLANG_ENABLE_OBJC_WEAK = YES;
				CLANG_WARN_BLOCK_CAPTURE_AUTORELEASING = YES;
				CLANG_WARN_BOOL_CONVERSION = YES;
				CLANG_WARN_COMMA = YES;
				CLANG_WARN_CONSTANT_CONVERSION = YES;
				CLANG_WARN_DEPRECATED_OBJC_IMPLEMENTATIONS = YES;
				CLANG_WARN_DIRECT_OBJC_ISA_USAGE = YES_ERROR;
				CLANG_WARN_DOCUMENTATION_COMMENTS = YES;
				CLANG_WARN_EMPTY_BODY = YES;
				CLANG_WARN_ENUM_CONVERSION = YES;
				CLANG_WARN_INFINITE_RECURSION = YES;
				CLANG_WARN_INT_CONVERSION = YES;
				CLANG_WARN_NON_LITERAL_NULL_CONVERSION = YES;
				CLANG_WARN_OBJC_IMPLICIT_RETAIN_SELF = YES;
				CLANG_WARN_OBJC_LITERAL_CONVERSION = YES;
				CLANG_WARN_OBJC_ROOT_CLASS = YES_ERROR;
				CLANG_WARN_QUOTED_INCLUDE_IN_FRAMEWORK_HEADER = YES;
				CLANG_WARN_RANGE_LOOP_ANALYSIS = YES;
				CLANG_WARN_STRICT_PROTOTYPES = YES;
				CLANG_WARN_SUSPICIOUS_MOVE = YES;
				CLANG_WARN_UNGUARDED_AVAILABILITY = YES_AGGRESSIVE;
				CLANG_WARN_UNREACHABLE_CODE = YES;
				CLANG_WARN__DUPLICATE_METHOD_MATCH = YES;
				COPY_PHASE_STRIP = NO;
				DEBUG_INFORMATION_FORMAT = dwarf;
				ENABLE_STRICT_OBJC_MSGSEND = YES;
				ENABLE_TESTABILITY = YES;
				GCC_C_LANGUAGE_STANDARD = gnu11;
				GCC_DYNAMIC_NO_PIC = NO;
				GCC_NO_COMMON_BLOCKS = YES;
				GCC_OPTIMIZATION_LEVEL = 0;
				GCC_PREPROCESSOR_DEFINITIONS = (
					"DEBUG=1",
					"$(inherited)",
				);
				GCC_WARN_64_TO_32_BIT_CONVERSION = YES;
				GCC_WARN_ABOUT_RETURN_TYPE = YES_ERROR;
				GCC_WARN_UNDECLARED_SELECTOR = YES;
				GCC_WARN_UNINITIALIZED_AUTOS = YES_AGGRESSIVE;
				GCC_WARN_UNUSED_FUNCTION = YES;
				GCC_WARN_UNUSED_VARIABLE = YES;
				IPHONEOS_DEPLOYMENT_TARGET = 15.4;
				MTL_ENABLE_DEBUG_INFO = INCLUDE_SOURCE;
				MTL_FAST_MATH = YES;
				ONLY_ACTIVE_ARCH = YES;
				SDKROOT = iphoneos;
				SWIFT_ACTIVE_COMPILATION_CONDITIONS = DEBUG;
				SWIFT_OPTIMIZATION_LEVEL = "-Onone";
			};
			name = Debug;
		};
		21334B1728DC40BF000184A7 /* Release */ = {
			isa = XCBuildConfiguration;
			buildSettings = {
				ALWAYS_SEARCH_USER_PATHS = NO;
				CLANG_ANALYZER_NONNULL = YES;
				CLANG_ANALYZER_NUMBER_OBJECT_CONVERSION = YES_AGGRESSIVE;
				CLANG_CXX_LANGUAGE_STANDARD = "gnu++17";
				CLANG_ENABLE_MODULES = YES;
				CLANG_ENABLE_OBJC_ARC = YES;
				CLANG_ENABLE_OBJC_WEAK = YES;
				CLANG_WARN_BLOCK_CAPTURE_AUTORELEASING = YES;
				CLANG_WARN_BOOL_CONVERSION = YES;
				CLANG_WARN_COMMA = YES;
				CLANG_WARN_CONSTANT_CONVERSION = YES;
				CLANG_WARN_DEPRECATED_OBJC_IMPLEMENTATIONS = YES;
				CLANG_WARN_DIRECT_OBJC_ISA_USAGE = YES_ERROR;
				CLANG_WARN_DOCUMENTATION_COMMENTS = YES;
				CLANG_WARN_EMPTY_BODY = YES;
				CLANG_WARN_ENUM_CONVERSION = YES;
				CLANG_WARN_INFINITE_RECURSION = YES;
				CLANG_WARN_INT_CONVERSION = YES;
				CLANG_WARN_NON_LITERAL_NULL_CONVERSION = YES;
				CLANG_WARN_OBJC_IMPLICIT_RETAIN_SELF = YES;
				CLANG_WARN_OBJC_LITERAL_CONVERSION = YES;
				CLANG_WARN_OBJC_ROOT_CLASS = YES_ERROR;
				CLANG_WARN_QUOTED_INCLUDE_IN_FRAMEWORK_HEADER = YES;
				CLANG_WARN_RANGE_LOOP_ANALYSIS = YES;
				CLANG_WARN_STRICT_PROTOTYPES = YES;
				CLANG_WARN_SUSPICIOUS_MOVE = YES;
				CLANG_WARN_UNGUARDED_AVAILABILITY = YES_AGGRESSIVE;
				CLANG_WARN_UNREACHABLE_CODE = YES;
				CLANG_WARN__DUPLICATE_METHOD_MATCH = YES;
				COPY_PHASE_STRIP = NO;
				DEBUG_INFORMATION_FORMAT = "dwarf-with-dsym";
				ENABLE_NS_ASSERTIONS = NO;
				ENABLE_STRICT_OBJC_MSGSEND = YES;
				GCC_C_LANGUAGE_STANDARD = gnu11;
				GCC_NO_COMMON_BLOCKS = YES;
				GCC_WARN_64_TO_32_BIT_CONVERSION = YES;
				GCC_WARN_ABOUT_RETURN_TYPE = YES_ERROR;
				GCC_WARN_UNDECLARED_SELECTOR = YES;
				GCC_WARN_UNINITIALIZED_AUTOS = YES_AGGRESSIVE;
				GCC_WARN_UNUSED_FUNCTION = YES;
				GCC_WARN_UNUSED_VARIABLE = YES;
				IPHONEOS_DEPLOYMENT_TARGET = 15.4;
				MTL_ENABLE_DEBUG_INFO = NO;
				MTL_FAST_MATH = YES;
				SDKROOT = iphoneos;
				SWIFT_COMPILATION_MODE = wholemodule;
				SWIFT_OPTIMIZATION_LEVEL = "-O";
				VALIDATE_PRODUCT = YES;
			};
			name = Release;
		};
		21334B1928DC40BF000184A7 /* Debug */ = {
			isa = XCBuildConfiguration;
			baseConfigurationReference = 442D984E8373D715A205DA4D /* Pods-gowabi_test.debug.xcconfig */;
			buildSettings = {
				ASSETCATALOG_COMPILER_APPICON_NAME = AppIcon;
				ASSETCATALOG_COMPILER_GLOBAL_ACCENT_COLOR_NAME = AccentColor;
				CODE_SIGN_STYLE = Automatic;
				CURRENT_PROJECT_VERSION = 1;
				GENERATE_INFOPLIST_FILE = YES;
				INFOPLIST_FILE = gowabi_test/Info.plist;
				INFOPLIST_KEY_UIApplicationSupportsIndirectInputEvents = YES;
				INFOPLIST_KEY_UILaunchStoryboardName = LaunchScreen;
				INFOPLIST_KEY_UIMainStoryboardFile = Main;
				INFOPLIST_KEY_UISupportedInterfaceOrientations_iPad = "UIInterfaceOrientationPortrait UIInterfaceOrientationPortraitUpsideDown UIInterfaceOrientationLandscapeLeft UIInterfaceOrientationLandscapeRight";
				INFOPLIST_KEY_UISupportedInterfaceOrientations_iPhone = "UIInterfaceOrientationPortrait UIInterfaceOrientationLandscapeLeft UIInterfaceOrientationLandscapeRight";
				LD_RUNPATH_SEARCH_PATHS = (
					"$(inherited)",
					"@executable_path/Frameworks",
				);
				MARKETING_VERSION = 1.0;
				PRODUCT_BUNDLE_IDENTIFIER = "com.francis.gowabi-test";
				PRODUCT_NAME = "$(TARGET_NAME)";
				SWIFT_EMIT_LOC_STRINGS = YES;
				SWIFT_VERSION = 5.0;
				TARGETED_DEVICE_FAMILY = "1,2";
			};
			name = Debug;
		};
		21334B1A28DC40BF000184A7 /* Release */ = {
			isa = XCBuildConfiguration;
			baseConfigurationReference = B1E6F246954176F2E2967A01 /* Pods-gowabi_test.release.xcconfig */;
			buildSettings = {
				ASSETCATALOG_COMPILER_APPICON_NAME = AppIcon;
				ASSETCATALOG_COMPILER_GLOBAL_ACCENT_COLOR_NAME = AccentColor;
				CODE_SIGN_STYLE = Automatic;
				CURRENT_PROJECT_VERSION = 1;
				GENERATE_INFOPLIST_FILE = YES;
				INFOPLIST_FILE = gowabi_test/Info.plist;
				INFOPLIST_KEY_UIApplicationSupportsIndirectInputEvents = YES;
				INFOPLIST_KEY_UILaunchStoryboardName = LaunchScreen;
				INFOPLIST_KEY_UIMainStoryboardFile = Main;
				INFOPLIST_KEY_UISupportedInterfaceOrientations_iPad = "UIInterfaceOrientationPortrait UIInterfaceOrientationPortraitUpsideDown UIInterfaceOrientationLandscapeLeft UIInterfaceOrientationLandscapeRight";
				INFOPLIST_KEY_UISupportedInterfaceOrientations_iPhone = "UIInterfaceOrientationPortrait UIInterfaceOrientationLandscapeLeft UIInterfaceOrientationLandscapeRight";
				LD_RUNPATH_SEARCH_PATHS = (
					"$(inherited)",
					"@executable_path/Frameworks",
				);
				MARKETING_VERSION = 1.0;
				PRODUCT_BUNDLE_IDENTIFIER = "com.francis.gowabi-test";
				PRODUCT_NAME = "$(TARGET_NAME)";
				SWIFT_EMIT_LOC_STRINGS = YES;
				SWIFT_VERSION = 5.0;
				TARGETED_DEVICE_FAMILY = "1,2";
			};
			name = Release;
		};
/* End XCBuildConfiguration section */

/* Begin XCConfigurationList section */
		21334AFF28DC40BE000184A7 /* Build configuration list for PBXProject "gowabi_test" */ = {
			isa = XCConfigurationList;
			buildConfigurations = (
				21334B1628DC40BF000184A7 /* Debug */,
				21334B1728DC40BF000184A7 /* Release */,
			);
			defaultConfigurationIsVisible = 0;
			defaultConfigurationName = Release;
		};
		21334B1828DC40BF000184A7 /* Build configuration list for PBXNativeTarget "gowabi_test" */ = {
			isa = XCConfigurationList;
			buildConfigurations = (
				21334B1928DC40BF000184A7 /* Debug */,
				21334B1A28DC40BF000184A7 /* Release */,
			);
			defaultConfigurationIsVisible = 0;
			defaultConfigurationName = Release;
		};
/* End XCConfigurationList section */
	};
	rootObject = 21334AFC28DC40BE000184A7 /* Project object */;
}
